
Microsoft Visual Studio Solution File, Format Version 12.00
# Visual Studio Version 17
VisualStudioVersion = 17.3.32929.385
MinimumVisualStudioVersion = 10.0.40219.1
Project("{FAE04EC0-301F-11D3-BF4B-00C04F79EFBC}") = "SampleApplication", "SampleApplication\SampleApplication.csproj", "{0E02E4E0-64C8-44C7-A127-598231FB269A}"
EndProject
Global
	GlobalSection(SolutionConfigurationPlatforms) = preSolution
		Debug|Any CPU = Debug|Any CPU
		Release|Any CPU = Release|Any CPU
	EndGlobalSection
	GlobalSection(ProjectConfigurationPlatforms) = postSolution
		{0E02E4E0-64C8-44C7-A127-598231FB269A}.Debug|Any CPU.ActiveCfg = Debug|Any CPU
		{0E02E4E0-64C8-44C7-A127-598231FB269A}.Debug|Any CPU.Build.0 = Debug|Any CPU
		{0E02E4E0-64C8-44C7-A127-598231FB269A}.Release|Any CPU.ActiveCfg = Release|Any CPU
		{0E02E4E0-64C8-44C7-A127-598231FB269A}.Release|Any CPU.Build.0 = Release|Any CPU
	EndGlobalSection
	GlobalSection(SolutionProperties) = preSolution
		HideSolutionNode = FALSE
	EndGlobalSection
	GlobalSection(ExtensibilityGlobals) = postSolution
		SolutionGuid = {A74C7A9C-6EB1-483C-BB79-D213FD30ED9B}
	EndGlobalSection
EndGlobal
